
Microsoft Visual Studio Solution File, Format Version 12.00
# Visual Studio Version 17
VisualStudioVersion = 17.0.31903.59
MinimumVisualStudioVersion = 10.0.40219.1
Project("{2150E333-8FDC-42A3-9474-1A3956D46DE8}") = "src", "src", "{827E0CD3-B72D-47B6-A68D-7590B98EB39B}"
EndProject
Project("{FAE04EC0-301F-11D3-BF4B-00C04F79EFBC}") = "Domain", "src\Domain\Domain.csproj", "{396002DF-A4E3-465A-92CA-A173F6F84EA7}"
EndProject
Project("{FAE04EC0-301F-11D3-BF4B-00C04F79EFBC}") = "Application", "src\Application\Application.csproj", "{AD24D15D-447E-42B1-BA0B-C238C876B89A}"
EndProject
Project("{FAE04EC0-301F-11D3-BF4B-00C04F79EFBC}") = "Infrastructure", "src\Infrastructure\Infrastructure.csproj", "{4CC8E31D-ED1F-428C-B2B8-265D1471A0F0}"
EndProject
Project("{FAE04EC0-301F-11D3-BF4B-00C04F79EFBC}") = "WebApi", "src\WebApi\WebApi.csproj", "{3A18821E-BF26-47E3-B7F6-A12E35E5D8C5}"
EndProject
Global
	GlobalSection(SolutionConfigurationPlatforms) = preSolution
		Debug|Any CPU = Debug|Any CPU
		Debug|x64 = Debug|x64
		Debug|x86 = Debug|x86
		Release|Any CPU = Release|Any CPU
		Release|x64 = Release|x64
		Release|x86 = Release|x86
	EndGlobalSection
	GlobalSection(ProjectConfigurationPlatforms) = postSolution
		{396002DF-A4E3-465A-92CA-A173F6F84EA7}.Debug|Any CPU.ActiveCfg = Debug|Any CPU
		{396002DF-A4E3-465A-92CA-A173F6F84EA7}.Debug|Any CPU.Build.0 = Debug|Any CPU
		{396002DF-A4E3-465A-92CA-A173F6F84EA7}.Debug|x64.ActiveCfg = Debug|Any CPU
		{396002DF-A4E3-465A-92CA-A173F6F84EA7}.Debug|x64.Build.0 = Debug|Any CPU
		{396002DF-A4E3-465A-92CA-A173F6F84EA7}.Debug|x86.ActiveCfg = Debug|Any CPU
		{396002DF-A4E3-465A-92CA-A173F6F84EA7}.Debug|x86.Build.0 = Debug|Any CPU
		{396002DF-A4E3-465A-92CA-A173F6F84EA7}.Release|Any CPU.ActiveCfg = Release|Any CPU
		{396002DF-A4E3-465A-92CA-A173F6F84EA7}.Release|Any CPU.Build.0 = Release|Any CPU
		{396002DF-A4E3-465A-92CA-A173F6F84EA7}.Release|x64.ActiveCfg = Release|Any CPU
		{396002DF-A4E3-465A-92CA-A173F6F84EA7}.Release|x64.Build.0 = Release|Any CPU
		{396002DF-A4E3-465A-92CA-A173F6F84EA7}.Release|x86.ActiveCfg = Release|Any CPU
		{396002DF-A4E3-465A-92CA-A173F6F84EA7}.Release|x86.Build.0 = Release|Any CPU
		{AD24D15D-447E-42B1-BA0B-C238C876B89A}.Debug|Any CPU.ActiveCfg = Debug|Any CPU
		{AD24D15D-447E-42B1-BA0B-C238C876B89A}.Debug|Any CPU.Build.0 = Debug|Any CPU
		{AD24D15D-447E-42B1-BA0B-C238C876B89A}.Debug|x64.ActiveCfg = Debug|Any CPU
		{AD24D15D-447E-42B1-BA0B-C238C876B89A}.Debug|x64.Build.0 = Debug|Any CPU
		{AD24D15D-447E-42B1-BA0B-C238C876B89A}.Debug|x86.ActiveCfg = Debug|Any CPU
		{AD24D15D-447E-42B1-BA0B-C238C876B89A}.Debug|x86.Build.0 = Debug|Any CPU
		{AD24D15D-447E-42B1-BA0B-C238C876B89A}.Release|Any CPU.ActiveCfg = Release|Any CPU
		{AD24D15D-447E-42B1-BA0B-C238C876B89A}.Release|Any CPU.Build.0 = Release|Any CPU
		{AD24D15D-447E-42B1-BA0B-C238C876B89A}.Release|x64.ActiveCfg = Release|Any CPU
		{AD24D15D-447E-42B1-BA0B-C238C876B89A}.Release|x64.Build.0 = Release|Any CPU
		{AD24D15D-447E-42B1-BA0B-C238C876B89A}.Release|x86.ActiveCfg = Release|Any CPU
		{AD24D15D-447E-42B1-BA0B-C238C876B89A}.Release|x86.Build.0 = Release|Any CPU
		{4CC8E31D-ED1F-428C-B2B8-265D1471A0F0}.Debug|Any CPU.ActiveCfg = Debug|Any CPU
		{4CC8E31D-ED1F-428C-B2B8-265D1471A0F0}.Debug|Any CPU.Build.0 = Debug|Any CPU
		{4CC8E31D-ED1F-428C-B2B8-265D1471A0F0}.Debug|x64.ActiveCfg = Debug|Any CPU
		{4CC8E31D-ED1F-428C-B2B8-265D1471A0F0}.Debug|x64.Build.0 = Debug|Any CPU
		{4CC8E31D-ED1F-428C-B2B8-265D1471A0F0}.Debug|x86.ActiveCfg = Debug|Any CPU
		{4CC8E31D-ED1F-428C-B2B8-265D1471A0F0}.Debug|x86.Build.0 = Debug|Any CPU
		{4CC8E31D-ED1F-428C-B2B8-265D1471A0F0}.Release|Any CPU.ActiveCfg = Release|Any CPU
		{4CC8E31D-ED1F-428C-B2B8-265D1471A0F0}.Release|Any CPU.Build.0 = Release|Any CPU
		{4CC8E31D-ED1F-428C-B2B8-265D1471A0F0}.Release|x64.ActiveCfg = Release|Any CPU
		{4CC8E31D-ED1F-428C-B2B8-265D1471A0F0}.Release|x64.Build.0 = Release|Any CPU
		{4CC8E31D-ED1F-428C-B2B8-265D1471A0F0}.Release|x86.ActiveCfg = Release|Any CPU
		{4CC8E31D-ED1F-428C-B2B8-265D1471A0F0}.Release|x86.Build.0 = Release|Any CPU
		{3A18821E-BF26-47E3-B7F6-A12E35E5D8C5}.Debug|Any CPU.ActiveCfg = Debug|Any CPU
		{3A18821E-BF26-47E3-B7F6-A12E35E5D8C5}.Debug|Any CPU.Build.0 = Debug|Any CPU
		{3A18821E-BF26-47E3-B7F6-A12E35E5D8C5}.Debug|x64.ActiveCfg = Debug|Any CPU
		{3A18821E-BF26-47E3-B7F6-A12E35E5D8C5}.Debug|x64.Build.0 = Debug|Any CPU
		{3A18821E-BF26-47E3-B7F6-A12E35E5D8C5}.Debug|x86.ActiveCfg = Debug|Any CPU
		{3A18821E-BF26-47E3-B7F6-A12E35E5D8C5}.Debug|x86.Build.0 = Debug|Any CPU
		{3A18821E-BF26-47E3-B7F6-A12E35E5D8C5}.Release|Any CPU.ActiveCfg = Release|Any CPU
		{3A18821E-BF26-47E3-B7F6-A12E35E5D8C5}.Release|Any CPU.Build.0 = Release|Any CPU
		{3A18821E-BF26-47E3-B7F6-A12E35E5D8C5}.Release|x64.ActiveCfg = Release|Any CPU
		{3A18821E-BF26-47E3-B7F6-A12E35E5D8C5}.Release|x64.Build.0 = Release|Any CPU
		{3A18821E-BF26-47E3-B7F6-A12E35E5D8C5}.Release|x86.ActiveCfg = Release|Any CPU
		{3A18821E-BF26-47E3-B7F6-A12E35E5D8C5}.Release|x86.Build.0 = Release|Any CPU
	EndGlobalSection
	GlobalSection(SolutionProperties) = preSolution
		HideSolutionNode = FALSE
	EndGlobalSection
	GlobalSection(NestedProjects) = preSolution
		{396002DF-A4E3-465A-92CA-A173F6F84EA7} = {827E0CD3-B72D-47B6-A68D-7590B98EB39B}
		{AD24D15D-447E-42B1-BA0B-C238C876B89A} = {827E0CD3-B72D-47B6-A68D-7590B98EB39B}
		{4CC8E31D-ED1F-428C-B2B8-265D1471A0F0} = {827E0CD3-B72D-47B6-A68D-7590B98EB39B}
		{3A18821E-BF26-47E3-B7F6-A12E35E5D8C5} = {827E0CD3-B72D-47B6-A68D-7590B98EB39B}
	EndGlobalSection
EndGlobal
